Microsoft Visual Studio Solution File, Format Version 12.00
# Visual Studio Version 17
VisualStudioVersion = 17.2.32630.192
MinimumVisualStudioVersion = 10.0.40219.1
Project("{9A19103F-16F7-4668-BE54-9A1E7A4F7556}") = "Customers.Service", "Customers.Service\Customers.Service.csproj", "{A7A1FC50-2672-4E63-8B0F-415996E6718A}"
EndProject
Project("{FAE04EC0-301F-11D3-BF4B-00C04F79EFBC}") = "Customers.Service.Test", "Customers.Service.Test\Customers.Service.Test.csproj", "{99F5913D-FC60-4C0A-82B3-978EB5D2C692}"
EndProject
Global
	GlobalSection(SolutionConfigurationPlatforms) = preSolution
		Debug|Any CPU = Debug|Any CPU
		Release|Any CPU = Release|Any CPU
	EndGlobalSection
	GlobalSection(ProjectConfigurationPlatforms) = postSolution
		{A7A1FC50-2672-4E63-8B0F-415996E6718A}.Debug|Any CPU.ActiveCfg = Debug|Any CPU
		{A7A1FC50-2672-4E63-8B0F-415996E6718A}.Debug|Any CPU.Build.0 = Debug|Any CPU
		{A7A1FC50-2672-4E63-8B0F-415996E6718A}.Release|Any CPU.ActiveCfg = Release|Any CPU
		{A7A1FC50-2672-4E63-8B0F-415996E6718A}.Release|Any CPU.Build.0 = Release|Any CPU
		{99F5913D-FC60-4C0A-82B3-978EB5D2C692}.Debug|Any CPU.ActiveCfg = Debug|Any CPU
		{99F5913D-FC60-4C0A-82B3-978EB5D2C692}.Debug|Any CPU.Build.0 = Debug|Any CPU
		{99F5913D-FC60-4C0A-82B3-978EB5D2C692}.Release|Any CPU.ActiveCfg = Release|Any CPU
		{99F5913D-FC60-4C0A-82B3-978EB5D2C692}.Release|Any CPU.Build.0 = Release|Any CPU
	EndGlobalSection
	GlobalSection(SolutionProperties) = preSolution
		HideSolutionNode = FALSE
	EndGlobalSection
	GlobalSection(ExtensibilityGlobals) = postSolution
		SolutionGuid = {647397F9-A470-4C7C-AC8E-DA4F234EBE04}
	EndGlobalSection
EndGlobal
